
Microsoft Visual Studio Solution File, Format Version 12.00
# Visual Studio Version 17
VisualStudioVersion = 17.1.32414.318
MinimumVisualStudioVersion = 10.0.40219.1
Project("{FAE04EC0-301F-11D3-BF4B-00C04F79EFBC}") = "FavouriteApp.Android", "FavouriteApp\FavouriteApp.Android\FavouriteApp.Android.csproj", "{547DFDFE-0545-42C5-A41B-56CE1CC31C7F}"
EndProject
Project("{FAE04EC0-301F-11D3-BF4B-00C04F79EFBC}") = "FavouriteApp.iOS", "FavouriteApp\FavouriteApp.iOS\FavouriteApp.iOS.csproj", "{539BD50C-1A3C-4612-97A2-63F21BE36410}"
EndProject
Project("{FAE04EC0-301F-11D3-BF4B-00C04F79EFBC}") = "FavouriteApp", "FavouriteApp\FavouriteApp\FavouriteApp.csproj", "{6B7A1F30-E0EC-492C-8DD5-81E0CB338FE0}"
EndProject
Global
	GlobalSection(SolutionConfigurationPlatforms) = preSolution
		Debug|Any CPU = Debug|Any CPU
		Debug|iPhone = Debug|iPhone
		Debug|iPhoneSimulator = Debug|iPhoneSimulator
		Release|Any CPU = Release|Any CPU
		Release|iPhone = Release|iPhone
		Release|iPhoneSimulator = Release|iPhoneSimulator
	EndGlobalSection
	GlobalSection(ProjectConfigurationPlatforms) = postSolution
		{547DFDFE-0545-42C5-A41B-56CE1CC31C7F}.Debug|Any CPU.ActiveCfg = Debug|Any CPU
		{547DFDFE-0545-42C5-A41B-56CE1CC31C7F}.Debug|Any CPU.Build.0 = Debug|Any CPU
		{547DFDFE-0545-42C5-A41B-56CE1CC31C7F}.Debug|Any CPU.Deploy.0 = Debug|Any CPU
		{547DFDFE-0545-42C5-A41B-56CE1CC31C7F}.Debug|iPhone.ActiveCfg = Debug|Any CPU
		{547DFDFE-0545-42C5-A41B-56CE1CC31C7F}.Debug|iPhone.Build.0 = Debug|Any CPU
		{547DFDFE-0545-42C5-A41B-56CE1CC31C7F}.Debug|iPhone.Deploy.0 = Debug|Any CPU
		{547DFDFE-0545-42C5-A41B-56CE1CC31C7F}.Debug|iPhoneSimulator.ActiveCfg = Debug|Any CPU
		{547DFDFE-0545-42C5-A41B-56CE1CC31C7F}.Debug|iPhoneSimulator.Build.0 = Debug|Any CPU
		{547DFDFE-0545-42C5-A41B-56CE1CC31C7F}.Debug|iPhoneSimulator.Deploy.0 = Debug|Any CPU
		{547DFDFE-0545-42C5-A41B-56CE1CC31C7F}.Release|Any CPU.ActiveCfg = Release|Any CPU
		{547DFDFE-0545-42C5-A41B-56CE1CC31C7F}.Release|Any CPU.Build.0 = Release|Any CPU
		{547DFDFE-0545-42C5-A41B-56CE1CC31C7F}.Release|Any CPU.Deploy.0 = Release|Any CPU
		{547DFDFE-0545-42C5-A41B-56CE1CC31C7F}.Release|iPhone.ActiveCfg = Release|Any CPU
		{547DFDFE-0545-42C5-A41B-56CE1CC31C7F}.Release|iPhone.Build.0 = Release|Any CPU
		{547DFDFE-0545-42C5-A41B-56CE1CC31C7F}.Release|iPhone.Deploy.0 = Release|Any CPU
		{547DFDFE-0545-42C5-A41B-56CE1CC31C7F}.Release|iPhoneSimulator.ActiveCfg = Release|Any CPU
		{547DFDFE-0545-42C5-A41B-56CE1CC31C7F}.Release|iPhoneSimulator.Build.0 = Release|Any CPU
		{547DFDFE-0545-42C5-A41B-56CE1CC31C7F}.Release|iPhoneSimulator.Deploy.0 = Release|Any CPU
		{539BD50C-1A3C-4612-97A2-63F21BE36410}.Debug|Any CPU.ActiveCfg = Debug|iPhone
		{539BD50C-1A3C-4612-97A2-63F21BE36410}.Debug|Any CPU.Build.0 = Debug|iPhone
		{539BD50C-1A3C-4612-97A2-63F21BE36410}.Debug|Any CPU.Deploy.0 = Debug|iPhone
		{539BD50C-1A3C-4612-97A2-63F21BE36410}.Debug|iPhone.ActiveCfg = Debug|iPhone
		{539BD50C-1A3C-4612-97A2-63F21BE36410}.Debug|iPhone.Build.0 = Debug|iPhone
		{539BD50C-1A3C-4612-97A2-63F21BE36410}.Debug|iPhone.Deploy.0 = Debug|iPhone
		{539BD50C-1A3C-4612-97A2-63F21BE36410}.Debug|iPhoneSimulator.ActiveCfg = Debug|iPhoneSimulator
		{539BD50C-1A3C-4612-97A2-63F21BE36410}.Debug|iPhoneSimulator.Build.0 = Debug|iPhoneSimulator
		{539BD50C-1A3C-4612-97A2-63F21BE36410}.Debug|iPhoneSimulator.Deploy.0 = Debug|iPhoneSimulator
		{539BD50C-1A3C-4612-97A2-63F21BE36410}.Release|Any CPU.ActiveCfg = Release|iPhoneSimulator
		{539BD50C-1A3C-4612-97A2-63F21BE36410}.Release|Any CPU.Build.0 = Release|iPhoneSimulator
		{539BD50C-1A3C-4612-97A2-63F21BE36410}.Release|Any CPU.Deploy.0 = Release|iPhoneSimulator
		{539BD50C-1A3C-4612-97A2-63F21BE36410}.Release|iPhone.ActiveCfg = Release|iPhone
		{539BD50C-1A3C-4612-97A2-63F21BE36410}.Release|iPhone.Build.0 = Release|iPhone
		{539BD50C-1A3C-4612-97A2-63F21BE36410}.Release|iPhone.Deploy.0 = Release|iPhone
		{539BD50C-1A3C-4612-97A2-63F21BE36410}.Release|iPhoneSimulator.ActiveCfg = Release|iPhoneSimulator
		{539BD50C-1A3C-4612-97A2-63F21BE36410}.Release|iPhoneSimulator.Build.0 = Release|iPhoneSimulator
		{539BD50C-1A3C-4612-97A2-63F21BE36410}.Release|iPhoneSimulator.Deploy.0 = Release|iPhoneSimulator
		{6B7A1F30-E0EC-492C-8DD5-81E0CB338FE0}.Debug|Any CPU.ActiveCfg = Debug|Any CPU
		{6B7A1F30-E0EC-492C-8DD5-81E0CB338FE0}.Debug|Any CPU.Build.0 = Debug|Any CPU
		{6B7A1F30-E0EC-492C-8DD5-81E0CB338FE0}.Debug|Any CPU.Deploy.0 = Debug|Any CPU
		{6B7A1F30-E0EC-492C-8DD5-81E0CB338FE0}.Debug|iPhone.ActiveCfg = Debug|Any CPU
		{6B7A1F30-E0EC-492C-8DD5-81E0CB338FE0}.Debug|iPhone.Build.0 = Debug|Any CPU
		{6B7A1F30-E0EC-492C-8DD5-81E0CB338FE0}.Debug|iPhone.Deploy.0 = Debug|Any CPU
		{6B7A1F30-E0EC-492C-8DD5-81E0CB338FE0}.Debug|iPhoneSimulator.ActiveCfg = Debug|Any CPU
		{6B7A1F30-E0EC-492C-8DD5-81E0CB338FE0}.Debug|iPhoneSimulator.Build.0 = Debug|Any CPU
		{6B7A1F30-E0EC-492C-8DD5-81E0CB338FE0}.Debug|iPhoneSimulator.Deploy.0 = Debug|Any CPU
		{6B7A1F30-E0EC-492C-8DD5-81E0CB338FE0}.Release|Any CPU.ActiveCfg = Release|Any CPU
		{6B7A1F30-E0EC-492C-8DD5-81E0CB338FE0}.Release|Any CPU.Build.0 = Release|Any CPU
		{6B7A1F30-E0EC-492C-8DD5-81E0CB338FE0}.Release|Any CPU.Deploy.0 = Release|Any CPU
		{6B7A1F30-E0EC-492C-8DD5-81E0CB338FE0}.Release|iPhone.ActiveCfg = Release|Any CPU
		{6B7A1F30-E0EC-492C-8DD5-81E0CB338FE0}.Release|iPhone.Build.0 = Release|Any CPU
		{6B7A1F30-E0EC-492C-8DD5-81E0CB338FE0}.Release|iPhone.Deploy.0 = Release|Any CPU
		{6B7A1F30-E0EC-492C-8DD5-81E0CB338FE0}.Release|iPhoneSimulator.ActiveCfg = Release|Any CPU
		{6B7A1F30-E0EC-492C-8DD5-81E0CB338FE0}.Release|iPhoneSimulator.Build.0 = Release|Any CPU
		{6B7A1F30-E0EC-492C-8DD5-81E0CB338FE0}.Release|iPhoneSimulator.Deploy.0 = Release|Any CPU
	EndGlobalSection
	GlobalSection(SolutionProperties) = preSolution
		HideSolutionNode = FALSE
	EndGlobalSection
	GlobalSection(ExtensibilityGlobals) = postSolution
		SolutionGuid = {7A2D6272-4A87-4828-9F20-6591B2B30E2A}
	EndGlobalSection
EndGlobal
