
Microsoft Visual Studio Solution File, Format Version 12.00
# Visual Studio Version 17
VisualStudioVersion = 17.1.32414.318
MinimumVisualStudioVersion = 10.0.40219.1
Project("{FAE04EC0-301F-11D3-BF4B-00C04F79EFBC}") = "FavApp.Android", "FavApp\FavApp.Android\FavApp.Android.csproj", "{447D0B32-400E-4AE4-9BBA-2190656DE6CD}"
EndProject
Project("{FAE04EC0-301F-11D3-BF4B-00C04F79EFBC}") = "FavApp.iOS", "FavApp\FavApp.iOS\FavApp.iOS.csproj", "{901381BC-91AE-417E-92CC-62D8D49D455A}"
EndProject
Project("{FAE04EC0-301F-11D3-BF4B-00C04F79EFBC}") = "FavApp", "FavApp\FavApp\FavApp.csproj", "{154FBEC5-543C-430B-9497-28B0D85BEA99}"
EndProject
Global
	GlobalSection(SolutionConfigurationPlatforms) = preSolution
		Debug|Any CPU = Debug|Any CPU
		Debug|iPhone = Debug|iPhone
		Debug|iPhoneSimulator = Debug|iPhoneSimulator
		Release|Any CPU = Release|Any CPU
		Release|iPhone = Release|iPhone
		Release|iPhoneSimulator = Release|iPhoneSimulator
	EndGlobalSection
	GlobalSection(ProjectConfigurationPlatforms) = postSolution
		{447D0B32-400E-4AE4-9BBA-2190656DE6CD}.Debug|Any CPU.ActiveCfg = Debug|Any CPU
		{447D0B32-400E-4AE4-9BBA-2190656DE6CD}.Debug|Any CPU.Build.0 = Debug|Any CPU
		{447D0B32-400E-4AE4-9BBA-2190656DE6CD}.Debug|Any CPU.Deploy.0 = Debug|Any CPU
		{447D0B32-400E-4AE4-9BBA-2190656DE6CD}.Debug|iPhone.ActiveCfg = Debug|Any CPU
		{447D0B32-400E-4AE4-9BBA-2190656DE6CD}.Debug|iPhone.Build.0 = Debug|Any CPU
		{447D0B32-400E-4AE4-9BBA-2190656DE6CD}.Debug|iPhone.Deploy.0 = Debug|Any CPU
		{447D0B32-400E-4AE4-9BBA-2190656DE6CD}.Debug|iPhoneSimulator.ActiveCfg = Debug|Any CPU
		{447D0B32-400E-4AE4-9BBA-2190656DE6CD}.Debug|iPhoneSimulator.Build.0 = Debug|Any CPU
		{447D0B32-400E-4AE4-9BBA-2190656DE6CD}.Debug|iPhoneSimulator.Deploy.0 = Debug|Any CPU
		{447D0B32-400E-4AE4-9BBA-2190656DE6CD}.Release|Any CPU.ActiveCfg = Release|Any CPU
		{447D0B32-400E-4AE4-9BBA-2190656DE6CD}.Release|Any CPU.Build.0 = Release|Any CPU
		{447D0B32-400E-4AE4-9BBA-2190656DE6CD}.Release|Any CPU.Deploy.0 = Release|Any CPU
		{447D0B32-400E-4AE4-9BBA-2190656DE6CD}.Release|iPhone.ActiveCfg = Release|Any CPU
		{447D0B32-400E-4AE4-9BBA-2190656DE6CD}.Release|iPhone.Build.0 = Release|Any CPU
		{447D0B32-400E-4AE4-9BBA-2190656DE6CD}.Release|iPhone.Deploy.0 = Release|Any CPU
		{447D0B32-400E-4AE4-9BBA-2190656DE6CD}.Release|iPhoneSimulator.ActiveCfg = Release|Any CPU
		{447D0B32-400E-4AE4-9BBA-2190656DE6CD}.Release|iPhoneSimulator.Build.0 = Release|Any CPU
		{447D0B32-400E-4AE4-9BBA-2190656DE6CD}.Release|iPhoneSimulator.Deploy.0 = Release|Any CPU
		{901381BC-91AE-417E-92CC-62D8D49D455A}.Debug|Any CPU.ActiveCfg = Debug|iPhone
		{901381BC-91AE-417E-92CC-62D8D49D455A}.Debug|Any CPU.Build.0 = Debug|iPhone
		{901381BC-91AE-417E-92CC-62D8D49D455A}.Debug|Any CPU.Deploy.0 = Debug|iPhone
		{901381BC-91AE-417E-92CC-62D8D49D455A}.Debug|iPhone.ActiveCfg = Debug|iPhone
		{901381BC-91AE-417E-92CC-62D8D49D455A}.Debug|iPhone.Build.0 = Debug|iPhone
		{901381BC-91AE-417E-92CC-62D8D49D455A}.Debug|iPhone.Deploy.0 = Debug|iPhone
		{901381BC-91AE-417E-92CC-62D8D49D455A}.Debug|iPhoneSimulator.ActiveCfg = Debug|iPhoneSimulator
		{901381BC-91AE-417E-92CC-62D8D49D455A}.Debug|iPhoneSimulator.Build.0 = Debug|iPhoneSimulator
		{901381BC-91AE-417E-92CC-62D8D49D455A}.Debug|iPhoneSimulator.Deploy.0 = Debug|iPhoneSimulator
		{901381BC-91AE-417E-92CC-62D8D49D455A}.Release|Any CPU.ActiveCfg = Release|iPhoneSimulator
		{901381BC-91AE-417E-92CC-62D8D49D455A}.Release|Any CPU.Build.0 = Release|iPhoneSimulator
		{901381BC-91AE-417E-92CC-62D8D49D455A}.Release|Any CPU.Deploy.0 = Release|iPhoneSimulator
		{901381BC-91AE-417E-92CC-62D8D49D455A}.Release|iPhone.ActiveCfg = Release|iPhone
		{901381BC-91AE-417E-92CC-62D8D49D455A}.Release|iPhone.Build.0 = Release|iPhone
		{901381BC-91AE-417E-92CC-62D8D49D455A}.Release|iPhone.Deploy.0 = Release|iPhone
		{901381BC-91AE-417E-92CC-62D8D49D455A}.Release|iPhoneSimulator.ActiveCfg = Release|iPhoneSimulator
		{901381BC-91AE-417E-92CC-62D8D49D455A}.Release|iPhoneSimulator.Build.0 = Release|iPhoneSimulator
		{901381BC-91AE-417E-92CC-62D8D49D455A}.Release|iPhoneSimulator.Deploy.0 = Release|iPhoneSimulator
		{154FBEC5-543C-430B-9497-28B0D85BEA99}.Debug|Any CPU.ActiveCfg = Debug|Any CPU
		{154FBEC5-543C-430B-9497-28B0D85BEA99}.Debug|Any CPU.Build.0 = Debug|Any CPU
		{154FBEC5-543C-430B-9497-28B0D85BEA99}.Debug|Any CPU.Deploy.0 = Debug|Any CPU
		{154FBEC5-543C-430B-9497-28B0D85BEA99}.Debug|iPhone.ActiveCfg = Debug|Any CPU
		{154FBEC5-543C-430B-9497-28B0D85BEA99}.Debug|iPhone.Build.0 = Debug|Any CPU
		{154FBEC5-543C-430B-9497-28B0D85BEA99}.Debug|iPhone.Deploy.0 = Debug|Any CPU
		{154FBEC5-543C-430B-9497-28B0D85BEA99}.Debug|iPhoneSimulator.ActiveCfg = Debug|Any CPU
		{154FBEC5-543C-430B-9497-28B0D85BEA99}.Debug|iPhoneSimulator.Build.0 = Debug|Any CPU
		{154FBEC5-543C-430B-9497-28B0D85BEA99}.Debug|iPhoneSimulator.Deploy.0 = Debug|Any CPU
		{154FBEC5-543C-430B-9497-28B0D85BEA99}.Release|Any CPU.ActiveCfg = Release|Any CPU
		{154FBEC5-543C-430B-9497-28B0D85BEA99}.Release|Any CPU.Build.0 = Release|Any CPU
		{154FBEC5-543C-430B-9497-28B0D85BEA99}.Release|Any CPU.Deploy.0 = Release|Any CPU
		{154FBEC5-543C-430B-9497-28B0D85BEA99}.Release|iPhone.ActiveCfg = Release|Any CPU
		{154FBEC5-543C-430B-9497-28B0D85BEA99}.Release|iPhone.Build.0 = Release|Any CPU
		{154FBEC5-543C-430B-9497-28B0D85BEA99}.Release|iPhone.Deploy.0 = Release|Any CPU
		{154FBEC5-543C-430B-9497-28B0D85BEA99}.Release|iPhoneSimulator.ActiveCfg = Release|Any CPU
		{154FBEC5-543C-430B-9497-28B0D85BEA99}.Release|iPhoneSimulator.Build.0 = Release|Any CPU
		{154FBEC5-543C-430B-9497-28B0D85BEA99}.Release|iPhoneSimulator.Deploy.0 = Release|Any CPU
	EndGlobalSection
	GlobalSection(SolutionProperties) = preSolution
		HideSolutionNode = FALSE
	EndGlobalSection
	GlobalSection(ExtensibilityGlobals) = postSolution
		SolutionGuid = {3B7516DD-7546-4675-A1F6-7E1E9E9C09AA}
	EndGlobalSection
EndGlobal
